
Microsoft Visual Studio Solution File, Format Version 12.00
# Visual Studio Version 17
VisualStudioVersion = 17.0.32014.148
MinimumVisualStudioVersion = 10.0.40219.1
Project("{FAE04EC0-301F-11D3-BF4B-00C04F79EFBC}") = "Activity 8", "Activity 8.csproj", "{5B1CF785-05E2-4B29-B6AC-F117E045C316}"
EndProject
Global
	GlobalSection(SolutionConfigurationPlatforms) = preSolution
		Debug|Any CPU = Debug|Any CPU
		Release|Any CPU = Release|Any CPU
	EndGlobalSection
	GlobalSection(ProjectConfigurationPlatforms) = postSolution
		{5B1CF785-05E2-4B29-B6AC-F117E045C316}.Debug|Any CPU.ActiveCfg = Debug|Any CPU
		{5B1CF785-05E2-4B29-B6AC-F117E045C316}.Debug|Any CPU.Build.0 = Debug|Any CPU
		{5B1CF785-05E2-4B29-B6AC-F117E045C316}.Release|Any CPU.ActiveCfg = Release|Any CPU
		{5B1CF785-05E2-4B29-B6AC-F117E045C316}.Release|Any CPU.Build.0 = Release|Any CPU
	EndGlobalSection
	GlobalSection(SolutionProperties) = preSolution
		HideSolutionNode = FALSE
	EndGlobalSection
	GlobalSection(ExtensibilityGlobals) = postSolution
		SolutionGuid = {0ECC7C42-54D5-40C2-BC6C-CF74E065D0B7}
	EndGlobalSection
EndGlobal
